// !$*UTF8*$!
{
	archiveVersion = 1;
	classes = {
	};
	objectVersion = 50;
	objects = {

/* Begin PBXBuildFile section */
		190FDDCE24B7CF9C00100E2A /* AppDelegate.swift in Sources */ = {isa = PBXBuildFile; fileRef = 190FDDCD24B7CF9C00100E2A /* AppDelegate.swift */; };
		190FDDD024B7CF9C00100E2A /* SceneDelegate.swift in Sources */ = {isa = PBXBuildFile; fileRef = 190FDDCF24B7CF9C00100E2A /* SceneDelegate.swift */; };
		190FDDD224B7CF9C00100E2A /* ViewController.swift in Sources */ = {isa = PBXBuildFile; fileRef = 190FDDD124B7CF9C00100E2A /* ViewController.swift */; };
		190FDDD524B7CF9C00100E2A /* Main.storyboard in Resources */ = {isa = PBXBuildFile; fileRef = 190FDDD324B7CF9C00100E2A /* Main.storyboard */; };
		190FDDD724B7CF9E00100E2A /* Assets.xcassets in Resources */ = {isa = PBXBuildFile; fileRef = 190FDDD624B7CF9E00100E2A /* Assets.xcassets */; };
		190FDDDA24B7CF9E00100E2A /* LaunchScreen.storyboard in Resources */ = {isa = PBXBuildFile; fileRef = 190FDDD824B7CF9E00100E2A /* LaunchScreen.storyboard */; };
		190FDDE324B7D65000100E2A /* LogoViewController.swift in Sources */ = {isa = PBXBuildFile; fileRef = 190FDDE224B7D65000100E2A /* LogoViewController.swift */; };
		66918CA324B8DE490036C081 /* card_stack.swift in Sources */ = {isa = PBXBuildFile; fileRef = 66918CA224B8DE490036C081 /* card_stack.swift */; };
		66918CA524B8DF790036C081 /* player.swift in Sources */ = {isa = PBXBuildFile; fileRef = 66918CA424B8DF790036C081 /* player.swift */; };
		194B828124B8E06B00F91616 /* StartViewController.swift in Sources */ = {isa = PBXBuildFile; fileRef = 194B828024B8E06B00F91616 /* StartViewController.swift */; };
/* End PBXBuildFile section */

/* Begin PBXFileReference section */
		190FDDCA24B7CF9C00100E2A /* Grand Cards.app */ = {isa = PBXFileReference; explicitFileType = wrapper.application; includeInIndex = 0; path = "Grand Cards.app"; sourceTree = BUILT_PRODUCTS_DIR; };
		190FDDCD24B7CF9C00100E2A /* AppDelegate.swift */ = {isa = PBXFileReference; lastKnownFileType = sourcecode.swift; path = AppDelegate.swift; sourceTree = "<group>"; };
		190FDDCF24B7CF9C00100E2A /* SceneDelegate.swift */ = {isa = PBXFileReference; lastKnownFileType = sourcecode.swift; path = SceneDelegate.swift; sourceTree = "<group>"; };
		190FDDD124B7CF9C00100E2A /* ViewController.swift */ = {isa = PBXFileReference; lastKnownFileType = sourcecode.swift; path = ViewController.swift; sourceTree = "<group>"; };
		190FDDD424B7CF9C00100E2A /* Base */ = {isa = PBXFileReference; lastKnownFileType = file.storyboard; name = Base; path = Base.lproj/Main.storyboard; sourceTree = "<group>"; };
		190FDDD624B7CF9E00100E2A /* Assets.xcassets */ = {isa = PBXFileReference; lastKnownFileType = folder.assetcatalog; path = Assets.xcassets; sourceTree = "<group>"; };
		190FDDD924B7CF9E00100E2A /* Base */ = {isa = PBXFileReference; lastKnownFileType = file.storyboard; name = Base; path = Base.lproj/LaunchScreen.storyboard; sourceTree = "<group>"; };
		190FDDDB24B7CF9E00100E2A /* Info.plist */ = {isa = PBXFileReference; lastKnownFileType = text.plist.xml; path = Info.plist; sourceTree = "<group>"; };
		190FDDE224B7D65000100E2A /* LogoViewController.swift */ = {isa = PBXFileReference; lastKnownFileType = sourcecode.swift; path = LogoViewController.swift; sourceTree = "<group>"; };
		66918CA224B8DE490036C081 /* card_stack.swift */ = {isa = PBXFileReference; lastKnownFileType = sourcecode.swift; path = card_stack.swift; sourceTree = "<group>"; };
		66918CA424B8DF790036C081 /* player.swift */ = {isa = PBXFileReference; lastKnownFileType = sourcecode.swift; path = player.swift; sourceTree = "<group>"; };
		194B828024B8E06B00F91616 /* StartViewController.swift */ = {isa = PBXFileReference; lastKnownFileType = sourcecode.swift; path = StartViewController.swift; sourceTree = "<group>"; };
/* End PBXFileReference section */

/* Begin PBXFrameworksBuildPhase section */
		190FDDC724B7CF9C00100E2A /* Frameworks */ = {
			isa = PBXFrameworksBuildPhase;
			buildActionMask = 2147483647;
			files = (
			);
			runOnlyForDeploymentPostprocessing = 0;
		};
/* End PBXFrameworksBuildPhase section */

/* Begin PBXGroup section */
		190FDDC124B7CF9C00100E2A = {
			isa = PBXGroup;
			children = (
				190FDDCC24B7CF9C00100E2A /* Grand Cards */,
				190FDDCB24B7CF9C00100E2A /* Products */,
			);
			sourceTree = "<group>";
		};
		190FDDCB24B7CF9C00100E2A /* Products */ = {
			isa = PBXGroup;
			children = (
				190FDDCA24B7CF9C00100E2A /* Grand Cards.app */,
			);
			name = Products;
			sourceTree = "<group>";
		};
		190FDDCC24B7CF9C00100E2A /* Grand Cards */ = {
			isa = PBXGroup;
			children = (
				66918CA124B8DD280036C081 /* View */,
				66918CA024B8DD0E0036C081 /* Model */,
				190FDDE124B7D62600100E2A /* Controllers */,
				190FDDCD24B7CF9C00100E2A /* AppDelegate.swift */,
				190FDDCF24B7CF9C00100E2A /* SceneDelegate.swift */,
				190FDDD124B7CF9C00100E2A /* ViewController.swift */,
				190FDDD324B7CF9C00100E2A /* Main.storyboard */,
				190FDDD624B7CF9E00100E2A /* Assets.xcassets */,
				190FDDD824B7CF9E00100E2A /* LaunchScreen.storyboard */,
				190FDDDB24B7CF9E00100E2A /* Info.plist */,
			);
			path = "Grand Cards";
			sourceTree = "<group>";
		};
		190FDDE124B7D62600100E2A /* Controllers */ = {
			isa = PBXGroup;
			children = (
				190FDDE224B7D65000100E2A /* LogoViewController.swift */,
				194B828024B8E06B00F91616 /* StartViewController.swift */,
			);
			path = Controllers;
			sourceTree = "<group>";
		};
		66918CA024B8DD0E0036C081 /* Model */ = {
			isa = PBXGroup;
			children = (
				66918CA224B8DE490036C081 /* card_stack.swift */,
				66918CA424B8DF790036C081 /* player.swift */,
			);
			path = Model;
			sourceTree = "<group>";
		};
		66918CA124B8DD280036C081 /* View */ = {
			isa = PBXGroup;
			children = (
			);
			path = View;
			sourceTree = "<group>";
		};
/* End PBXGroup section */

/* Begin PBXNativeTarget section */
		190FDDC924B7CF9C00100E2A /* Grand Cards */ = {
			isa = PBXNativeTarget;
			buildConfigurationList = 190FDDDE24B7CF9E00100E2A /* Build configuration list for PBXNativeTarget "Grand Cards" */;
			buildPhases = (
				190FDDC624B7CF9C00100E2A /* Sources */,
				190FDDC724B7CF9C00100E2A /* Frameworks */,
				190FDDC824B7CF9C00100E2A /* Resources */,
			);
			buildRules = (
			);
			dependencies = (
			);
			name = "Grand Cards";
			productName = "Grand Cards";
			productReference = 190FDDCA24B7CF9C00100E2A /* Grand Cards.app */;
			productType = "com.apple.product-type.application";
		};
/* End PBXNativeTarget section */

/* Begin PBXProject section */
		190FDDC224B7CF9C00100E2A /* Project object */ = {
			isa = PBXProject;
			attributes = {
				LastSwiftUpdateCheck = 1150;
				LastUpgradeCheck = 1150;
				ORGANIZATIONNAME = sinclustoapps;
				TargetAttributes = {
					190FDDC924B7CF9C00100E2A = {
						CreatedOnToolsVersion = 11.5;
					};
				};
			};
			buildConfigurationList = 190FDDC524B7CF9C00100E2A /* Build configuration list for PBXProject "Grand Cards" */;
			compatibilityVersion = "Xcode 9.3";
			developmentRegion = en;
			hasScannedForEncodings = 0;
			knownRegions = (
				en,
				Base,
			);
			mainGroup = 190FDDC124B7CF9C00100E2A;
			productRefGroup = 190FDDCB24B7CF9C00100E2A /* Products */;
			projectDirPath = "";
			projectRoot = "";
			targets = (
				190FDDC924B7CF9C00100E2A /* Grand Cards */,
			);
		};
/* End PBXProject section */

/* Begin PBXResourcesBuildPhase section */
		190FDDC824B7CF9C00100E2A /* Resources */ = {
			isa = PBXResourcesBuildPhase;
			buildActionMask = 2147483647;
			files = (
				190FDDDA24B7CF9E00100E2A /* LaunchScreen.storyboard in Resources */,
				190FDDD724B7CF9E00100E2A /* Assets.xcassets in Resources */,
				190FDDD524B7CF9C00100E2A /* Main.storyboard in Resources */,
			);
			runOnlyForDeploymentPostprocessing = 0;
		};
/* End PBXResourcesBuildPhase section */

/* Begin PBXSourcesBuildPhase section */
		190FDDC624B7CF9C00100E2A /* Sources */ = {
			isa = PBXSourcesBuildPhase;
			buildActionMask = 2147483647;
			files = (
				66918CA324B8DE490036C081 /* card_stack.swift in Sources */,
				194B828124B8E06B00F91616 /* StartViewController.swift in Sources */,
				190FDDD224B7CF9C00100E2A /* ViewController.swift in Sources */,
				190FDDCE24B7CF9C00100E2A /* AppDelegate.swift in Sources */,
				190FDDD024B7CF9C00100E2A /* SceneDelegate.swift in Sources */,
				66918CA524B8DF790036C081 /* player.swift in Sources */,
				190FDDE324B7D65000100E2A /* LogoViewController.swift in Sources */,
			);
			runOnlyForDeploymentPostprocessing = 0;
		};
/* End PBXSourcesBuildPhase section */

/* Begin PBXVariantGroup section */
		190FDDD324B7CF9C00100E2A /* Main.storyboard */ = {
			isa = PBXVariantGroup;
			children = (
				190FDDD424B7CF9C00100E2A /* Base */,
			);
			name = Main.storyboard;
			sourceTree = "<group>";
		};
		190FDDD824B7CF9E00100E2A /* LaunchScreen.storyboard */ = {
			isa = PBXVariantGroup;
			children = (
				190FDDD924B7CF9E00100E2A /* Base */,
			);
			name = LaunchScreen.storyboard;
			sourceTree = "<group>";
		};
/* End PBXVariantGroup section */

/* Begin XCBuildConfiguration section */
		190FDDDC24B7CF9E00100E2A /* Debug */ = {
			isa = XCBuildConfiguration;
			buildSettings = {
				ALWAYS_SEARCH_USER_PATHS = NO;
				CLANG_ANALYZER_NONNULL = YES;
				CLANG_ANALYZER_NUMBER_OBJECT_CONVERSION = YES_AGGRESSIVE;
				CLANG_CXX_LANGUAGE_STANDARD = "gnu++14";
				CLANG_CXX_LIBRARY = "libc++";
				CLANG_ENABLE_MODULES = YES;
				CLANG_ENABLE_OBJC_ARC = YES;
				CLANG_ENABLE_OBJC_WEAK = YES;
				CLANG_WARN_BLOCK_CAPTURE_AUTORELEASING = YES;
				CLANG_WARN_BOOL_CONVERSION = YES;
				CLANG_WARN_COMMA = YES;
				CLANG_WARN_CONSTANT_CONVERSION = YES;
				CLANG_WARN_DEPRECATED_OBJC_IMPLEMENTATIONS = YES;
				CLANG_WARN_DIRECT_OBJC_ISA_USAGE = YES_ERROR;
				CLANG_WARN_DOCUMENTATION_COMMENTS = YES;
				CLANG_WARN_EMPTY_BODY = YES;
				CLANG_WARN_ENUM_CONVERSION = YES;
				CLANG_WARN_INFINITE_RECURSION = YES;
				CLANG_WARN_INT_CONVERSION = YES;
				CLANG_WARN_NON_LITERAL_NULL_CONVERSION = YES;
				CLANG_WARN_OBJC_IMPLICIT_RETAIN_SELF = YES;
				CLANG_WARN_OBJC_LITERAL_CONVERSION = YES;
				CLANG_WARN_OBJC_ROOT_CLASS = YES_ERROR;
				CLANG_WARN_RANGE_LOOP_ANALYSIS = YES;
				CLANG_WARN_STRICT_PROTOTYPES = YES;
				CLANG_WARN_SUSPICIOUS_MOVE = YES;
				CLANG_WARN_UNGUARDED_AVAILABILITY = YES_AGGRESSIVE;
				CLANG_WARN_UNREACHABLE_CODE = YES;
				CLANG_WARN__DUPLICATE_METHOD_MATCH = YES;
				COPY_PHASE_STRIP = NO;
				DEBUG_INFORMATION_FORMAT = dwarf;
				ENABLE_STRICT_OBJC_MSGSEND = YES;
				ENABLE_TESTABILITY = YES;
				GCC_C_LANGUAGE_STANDARD = gnu11;
				GCC_DYNAMIC_NO_PIC = NO;
				GCC_NO_COMMON_BLOCKS = YES;
				GCC_OPTIMIZATION_LEVEL = 0;
				GCC_PREPROCESSOR_DEFINITIONS = (
					"DEBUG=1",
					"$(inherited)",
				);
				GCC_WARN_64_TO_32_BIT_CONVERSION = YES;
				GCC_WARN_ABOUT_RETURN_TYPE = YES_ERROR;
				GCC_WARN_UNDECLARED_SELECTOR = YES;
				GCC_WARN_UNINITIALIZED_AUTOS = YES_AGGRESSIVE;
				GCC_WARN_UNUSED_FUNCTION = YES;
				GCC_WARN_UNUSED_VARIABLE = YES;
				IPHONEOS_DEPLOYMENT_TARGET = 13.0;
				MTL_ENABLE_DEBUG_INFO = INCLUDE_SOURCE;
				MTL_FAST_MATH = YES;
				ONLY_ACTIVE_ARCH = YES;
				SDKROOT = iphoneos;
				SWIFT_ACTIVE_COMPILATION_CONDITIONS = DEBUG;
				SWIFT_OPTIMIZATION_LEVEL = "-Onone";
			};
			name = Debug;
		};
		190FDDDD24B7CF9E00100E2A /* Release */ = {
			isa = XCBuildConfiguration;
			buildSettings = {
				ALWAYS_SEARCH_USER_PATHS = NO;
				CLANG_ANALYZER_NONNULL = YES;
				CLANG_ANALYZER_NUMBER_OBJECT_CONVERSION = YES_AGGRESSIVE;
				CLANG_CXX_LANGUAGE_STANDARD = "gnu++14";
				CLANG_CXX_LIBRARY = "libc++";
				CLANG_ENABLE_MODULES = YES;
				CLANG_ENABLE_OBJC_ARC = YES;
				CLANG_ENABLE_OBJC_WEAK = YES;
				CLANG_WARN_BLOCK_CAPTURE_AUTORELEASING = YES;
				CLANG_WARN_BOOL_CONVERSION = YES;
				CLANG_WARN_COMMA = YES;
				CLANG_WARN_CONSTANT_CONVERSION = YES;
				CLANG_WARN_DEPRECATED_OBJC_IMPLEMENTATIONS = YES;
				CLANG_WARN_DIRECT_OBJC_ISA_USAGE = YES_ERROR;
				CLANG_WARN_DOCUMENTATION_COMMENTS = YES;
				CLANG_WARN_EMPTY_BODY = YES;
				CLANG_WARN_ENUM_CONVERSION = YES;
				CLANG_WARN_INFINITE_RECURSION = YES;
				CLANG_WARN_INT_CONVERSION = YES;
				CLANG_WARN_NON_LITERAL_NULL_CONVERSION = YES;
				CLANG_WARN_OBJC_IMPLICIT_RETAIN_SELF = YES;
				CLANG_WARN_OBJC_LITERAL_CONVERSION = YES;
				CLANG_WARN_OBJC_ROOT_CLASS = YES_ERROR;
				CLANG_WARN_RANGE_LOOP_ANALYSIS = YES;
				CLANG_WARN_STRICT_PROTOTYPES = YES;
				CLANG_WARN_SUSPICIOUS_MOVE = YES;
				CLANG_WARN_UNGUARDED_AVAILABILITY = YES_AGGRESSIVE;
				CLANG_WARN_UNREACHABLE_CODE = YES;
				CLANG_WARN__DUPLICATE_METHOD_MATCH = YES;
				COPY_PHASE_STRIP = NO;
				DEBUG_INFORMATION_FORMAT = "dwarf-with-dsym";
				ENABLE_NS_ASSERTIONS = NO;
				ENABLE_STRICT_OBJC_MSGSEND = YES;
				GCC_C_LANGUAGE_STANDARD = gnu11;
				GCC_NO_COMMON_BLOCKS = YES;
				GCC_WARN_64_TO_32_BIT_CONVERSION = YES;
				GCC_WARN_ABOUT_RETURN_TYPE = YES_ERROR;
				GCC_WARN_UNDECLARED_SELECTOR = YES;
				GCC_WARN_UNINITIALIZED_AUTOS = YES_AGGRESSIVE;
				GCC_WARN_UNUSED_FUNCTION = YES;
				GCC_WARN_UNUSED_VARIABLE = YES;
				IPHONEOS_DEPLOYMENT_TARGET = 13.0;
				MTL_ENABLE_DEBUG_INFO = NO;
				MTL_FAST_MATH = YES;
				SDKROOT = iphoneos;
				SWIFT_COMPILATION_MODE = wholemodule;
				SWIFT_OPTIMIZATION_LEVEL = "-O";
				VALIDATE_PRODUCT = YES;
			};
			name = Release;
		};
		190FDDDF24B7CF9E00100E2A /* Debug */ = {
			isa = XCBuildConfiguration;
			buildSettings = {
				ASSETCATALOG_COMPILER_APPICON_NAME = AppIcon;
				CODE_SIGN_IDENTITY = "iPhone Developer";
				CODE_SIGN_STYLE = Manual;
				DEVELOPMENT_TEAM = 6VGGNMX8VN;
				INFOPLIST_FILE = "Grand Cards/Info.plist";
				IPHONEOS_DEPLOYMENT_TARGET = 13.0;
				LD_RUNPATH_SEARCH_PATHS = (
					"$(inherited)",
					"@executable_path/Frameworks",
				);
				PRODUCT_BUNDLE_IDENTIFIER = "com.sinclustoapps.Grand-Cards";
				PRODUCT_NAME = "$(TARGET_NAME)";
				PROVISIONING_PROFILE_SPECIFIER = "Grand Cards Dev";
				SWIFT_VERSION = 5.0;
				TARGETED_DEVICE_FAMILY = "1,2";
			};
			name = Debug;
		};
		190FDDE024B7CF9E00100E2A /* Release */ = {
			isa = XCBuildConfiguration;
			buildSettings = {
				ASSETCATALOG_COMPILER_APPICON_NAME = AppIcon;
				CODE_SIGN_IDENTITY = "iPhone Developer";
				CODE_SIGN_STYLE = Manual;
				DEVELOPMENT_TEAM = 6VGGNMX8VN;
				INFOPLIST_FILE = "Grand Cards/Info.plist";
				IPHONEOS_DEPLOYMENT_TARGET = 13.0;
				LD_RUNPATH_SEARCH_PATHS = (
					"$(inherited)",
					"@executable_path/Frameworks",
				);
				PRODUCT_BUNDLE_IDENTIFIER = "com.sinclustoapps.Grand-Cards";
				PRODUCT_NAME = "$(TARGET_NAME)";
				PROVISIONING_PROFILE_SPECIFIER = "Grand Cards Dev";
				SWIFT_VERSION = 5.0;
				TARGETED_DEVICE_FAMILY = "1,2";
			};
			name = Release;
		};
/* End XCBuildConfiguration section */

/* Begin XCConfigurationList section */
		190FDDC524B7CF9C00100E2A /* Build configuration list for PBXProject "Grand Cards" */ = {
			isa = XCConfigurationList;
			buildConfigurations = (
				190FDDDC24B7CF9E00100E2A /* Debug */,
				190FDDDD24B7CF9E00100E2A /* Release */,
			);
			defaultConfigurationIsVisible = 0;
			defaultConfigurationName = Release;
		};
		190FDDDE24B7CF9E00100E2A /* Build configuration list for PBXNativeTarget "Grand Cards" */ = {
			isa = XCConfigurationList;
			buildConfigurations = (
				190FDDDF24B7CF9E00100E2A /* Debug */,
				190FDDE024B7CF9E00100E2A /* Release */,
			);
			defaultConfigurationIsVisible = 0;
			defaultConfigurationName = Release;
		};
/* End XCConfigurationList section */
	};
	rootObject = 190FDDC224B7CF9C00100E2A /* Project object */;
}
